
Microsoft Visual Studio Solution File, Format Version 12.00
Project("{2150E333-8FDC-42A3-9474-1A3956D46DE8}") = "src", "src", "{7C1B09E1-219B-4E88-A1D8-E03EC04A9EF9}"
EndProject
Project("{FAE04EC0-301F-11D3-BF4B-00C04F79EFBC}") = "Tierra.Api", "Tierra.Api\Tierra.Api.csproj", "{06C127EB-5B99-45ED-8A21-9EC98C08554F}"
EndProject
Project("{FAE04EC0-301F-11D3-BF4B-00C04F79EFBC}") = "Tierra.Application", "Tierra.Application\Tierra.Application.csproj", "{DF5280C7-D1A2-41C4-AF7B-5F1A884850F7}"
EndProject
Project("{FAE04EC0-301F-11D3-BF4B-00C04F79EFBC}") = "Tierra.Domain", "Tierra.Domain\Tierra.Domain.csproj", "{8A391950-65F5-4045-83BD-20AD96A0B9E1}"
EndProject
Project("{FAE04EC0-301F-11D3-BF4B-00C04F79EFBC}") = "Tierra.Infrastructure", "Tierra.Infrastructure\Tierra.Infrastructure.csproj", "{56481DC5-F323-4926-B9F6-892C931AA029}"
EndProject
Project("{2150E333-8FDC-42A3-9474-1A3956D46DE8}") = "Shared", "Shared", "{DAF209FC-4909-499E-A339-4D46341165DA}"
EndProject
Project("{FAE04EC0-301F-11D3-BF4B-00C04F79EFBC}") = "Tierra.Shared", "Tierra.Shared\Tierra.Shared.csproj", "{93C7AF05-DA80-48EC-B398-A7531CBFEA0B}"
EndProject
Project("{FAE04EC0-301F-11D3-BF4B-00C04F79EFBC}") = "Tierra.Shared.Abstractions", "Tierra.Shared.Abstractions\Tierra.Shared.Abstractions.csproj", "{E16803AB-DF8D-4E42-B301-8B8C920F12C3}"
EndProject
Global
	GlobalSection(SolutionConfigurationPlatforms) = preSolution
		Debug|Any CPU = Debug|Any CPU
		Release|Any CPU = Release|Any CPU
	EndGlobalSection
	GlobalSection(NestedProjects) = preSolution
		{06C127EB-5B99-45ED-8A21-9EC98C08554F} = {7C1B09E1-219B-4E88-A1D8-E03EC04A9EF9}
		{DF5280C7-D1A2-41C4-AF7B-5F1A884850F7} = {7C1B09E1-219B-4E88-A1D8-E03EC04A9EF9}
		{8A391950-65F5-4045-83BD-20AD96A0B9E1} = {7C1B09E1-219B-4E88-A1D8-E03EC04A9EF9}
		{56481DC5-F323-4926-B9F6-892C931AA029} = {7C1B09E1-219B-4E88-A1D8-E03EC04A9EF9}
		{DAF209FC-4909-499E-A339-4D46341165DA} = {7C1B09E1-219B-4E88-A1D8-E03EC04A9EF9}
		{93C7AF05-DA80-48EC-B398-A7531CBFEA0B} = {DAF209FC-4909-499E-A339-4D46341165DA}
		{E16803AB-DF8D-4E42-B301-8B8C920F12C3} = {DAF209FC-4909-499E-A339-4D46341165DA}
	EndGlobalSection
	GlobalSection(ProjectConfigurationPlatforms) = postSolution
		{06C127EB-5B99-45ED-8A21-9EC98C08554F}.Debug|Any CPU.ActiveCfg = Debug|Any CPU
		{06C127EB-5B99-45ED-8A21-9EC98C08554F}.Debug|Any CPU.Build.0 = Debug|Any CPU
		{06C127EB-5B99-45ED-8A21-9EC98C08554F}.Release|Any CPU.ActiveCfg = Release|Any CPU
		{06C127EB-5B99-45ED-8A21-9EC98C08554F}.Release|Any CPU.Build.0 = Release|Any CPU
		{DF5280C7-D1A2-41C4-AF7B-5F1A884850F7}.Debug|Any CPU.ActiveCfg = Debug|Any CPU
		{DF5280C7-D1A2-41C4-AF7B-5F1A884850F7}.Debug|Any CPU.Build.0 = Debug|Any CPU
		{DF5280C7-D1A2-41C4-AF7B-5F1A884850F7}.Release|Any CPU.ActiveCfg = Release|Any CPU
		{DF5280C7-D1A2-41C4-AF7B-5F1A884850F7}.Release|Any CPU.Build.0 = Release|Any CPU
		{8A391950-65F5-4045-83BD-20AD96A0B9E1}.Debug|Any CPU.ActiveCfg = Debug|Any CPU
		{8A391950-65F5-4045-83BD-20AD96A0B9E1}.Debug|Any CPU.Build.0 = Debug|Any CPU
		{8A391950-65F5-4045-83BD-20AD96A0B9E1}.Release|Any CPU.ActiveCfg = Release|Any CPU
		{8A391950-65F5-4045-83BD-20AD96A0B9E1}.Release|Any CPU.Build.0 = Release|Any CPU
		{56481DC5-F323-4926-B9F6-892C931AA029}.Debug|Any CPU.ActiveCfg = Debug|Any CPU
		{56481DC5-F323-4926-B9F6-892C931AA029}.Debug|Any CPU.Build.0 = Debug|Any CPU
		{56481DC5-F323-4926-B9F6-892C931AA029}.Release|Any CPU.ActiveCfg = Release|Any CPU
		{56481DC5-F323-4926-B9F6-892C931AA029}.Release|Any CPU.Build.0 = Release|Any CPU
		{93C7AF05-DA80-48EC-B398-A7531CBFEA0B}.Debug|Any CPU.ActiveCfg = Debug|Any CPU
		{93C7AF05-DA80-48EC-B398-A7531CBFEA0B}.Debug|Any CPU.Build.0 = Debug|Any CPU
		{93C7AF05-DA80-48EC-B398-A7531CBFEA0B}.Release|Any CPU.ActiveCfg = Release|Any CPU
		{93C7AF05-DA80-48EC-B398-A7531CBFEA0B}.Release|Any CPU.Build.0 = Release|Any CPU
		{E16803AB-DF8D-4E42-B301-8B8C920F12C3}.Debug|Any CPU.ActiveCfg = Debug|Any CPU
		{E16803AB-DF8D-4E42-B301-8B8C920F12C3}.Debug|Any CPU.Build.0 = Debug|Any CPU
		{E16803AB-DF8D-4E42-B301-8B8C920F12C3}.Release|Any CPU.ActiveCfg = Release|Any CPU
		{E16803AB-DF8D-4E42-B301-8B8C920F12C3}.Release|Any CPU.Build.0 = Release|Any CPU
	EndGlobalSection
EndGlobal
